
Microsoft Visual Studio Solution File, Format Version 12.00
# Visual Studio Version 17
VisualStudioVersion = 17.1.32210.238
MinimumVisualStudioVersion = 10.0.40219.1
Project("{2150E333-8FDC-42A3-9474-1A3956D46DE8}") = "01 - Teste de Unidade", "01 - Teste de Unidade", "{E12B9FC1-FD4F-41B6-BAED-F478963DE8EF}"
EndProject
Project("{2150E333-8FDC-42A3-9474-1A3956D46DE8}") = "1.1 - Teste Basicos", "1.1 - Teste Basicos", "{63A805B3-C2B5-4F2E-B000-10B466AA3E87}"
EndProject
Project("{9A19103F-16F7-4668-BE54-9A1E7A4F7556}") = "Demo", "01 - Testes de Unidade\Demo\Demo.csproj", "{1A205D0D-5DE9-4CC3-93B8-6E3F1952BC82}"
EndProject
Project("{9A19103F-16F7-4668-BE54-9A1E7A4F7556}") = "Demo.Tests", "01 - Testes de Unidade\Demo.Tests\Demo.Tests.csproj", "{EED7926E-2274-4E6A-9F3B-8C241051043D}"
EndProject
Project("{2150E333-8FDC-42A3-9474-1A3956D46DE8}") = "2.2 - Features", "2.2 - Features", "{D224F578-0556-4F03-A967-A623A2EC246E}"
EndProject
Project("{2150E333-8FDC-42A3-9474-1A3956D46DE8}") = "02 - TDD", "02 - TDD", "{07C18670-7C44-4EE5-8745-805E9CB88E56}"
EndProject
Project("{2150E333-8FDC-42A3-9474-1A3956D46DE8}") = "Tests", "Tests", "{A90F6E69-ADAF-4E50-BB9C-5BA82A4096C5}"
EndProject
Project("{9A19103F-16F7-4668-BE54-9A1E7A4F7556}") = "NerdStore.Vendas.Application.Tests", "02 - TDD\tests\NerdStore.Vendas.Application.Tests\NerdStore.Vendas.Application.Tests.csproj", "{1786C7F0-D874-43C1-B42C-4B534B12EC5E}"
EndProject
Project("{9A19103F-16F7-4668-BE54-9A1E7A4F7556}") = "NerdStore.Vendas.Domain.Tests", "02 - TDD\tests\NerdStore.Vendas.Domain.Tests\NerdStore.Vendas.Domain.Tests.csproj", "{7F2BA17C-BFDD-43B6-888D-E7254C7A1CC3}"
EndProject
Project("{9A19103F-16F7-4668-BE54-9A1E7A4F7556}") = "NerdStore.Core", "02 - TDD\src\NerdStore.Core\NerdStore.Core.csproj", "{108AA9C5-A208-4C1C-88F8-A465BB098584}"
EndProject
Project("{9A19103F-16F7-4668-BE54-9A1E7A4F7556}") = "NerdStore.Vendas.Application", "02 - TDD\src\NerdStore.Vendas.Application\NerdStore.Vendas.Application.csproj", "{F2E91F36-BDA1-45AB-BE2E-DCC90D50ABF7}"
EndProject
Project("{9A19103F-16F7-4668-BE54-9A1E7A4F7556}") = "NerdStore.Vendas.Data", "02 - TDD\src\NerdStore.Vendas.Data\NerdStore.Vendas.Data.csproj", "{A68B9CDC-8CF1-4012-828F-08A48A01E03B}"
EndProject
Project("{9A19103F-16F7-4668-BE54-9A1E7A4F7556}") = "NerdStore.Vendas.Domain", "02 - TDD\src\NerdStore.Vendas.Domain\NerdStore.Vendas.Domain.csproj", "{0C493EEC-8546-4F46-88D6-D72269497C06}"
EndProject
Project("{9A19103F-16F7-4668-BE54-9A1E7A4F7556}") = "Features.Tests", "01 - Testes de Unidade\Features.Tests\Features.Tests.csproj", "{CF340197-E27E-41AB-8950-2FE155E85E75}"
EndProject
Project("{9A19103F-16F7-4668-BE54-9A1E7A4F7556}") = "Features", "01 - Testes de Unidade\Features\Features.csproj", "{2C3F6D01-95E4-47E8-8B08-8EA2CF963D56}"
EndProject
Global
	GlobalSection(SolutionConfigurationPlatforms) = preSolution
		Debug|Any CPU = Debug|Any CPU
		Release|Any CPU = Release|Any CPU
	EndGlobalSection
	GlobalSection(ProjectConfigurationPlatforms) = postSolution
		{1A205D0D-5DE9-4CC3-93B8-6E3F1952BC82}.Debug|Any CPU.ActiveCfg = Debug|Any CPU
		{1A205D0D-5DE9-4CC3-93B8-6E3F1952BC82}.Debug|Any CPU.Build.0 = Debug|Any CPU
		{1A205D0D-5DE9-4CC3-93B8-6E3F1952BC82}.Release|Any CPU.ActiveCfg = Release|Any CPU
		{1A205D0D-5DE9-4CC3-93B8-6E3F1952BC82}.Release|Any CPU.Build.0 = Release|Any CPU
		{EED7926E-2274-4E6A-9F3B-8C241051043D}.Debug|Any CPU.ActiveCfg = Debug|Any CPU
		{EED7926E-2274-4E6A-9F3B-8C241051043D}.Debug|Any CPU.Build.0 = Debug|Any CPU
		{EED7926E-2274-4E6A-9F3B-8C241051043D}.Release|Any CPU.ActiveCfg = Release|Any CPU
		{EED7926E-2274-4E6A-9F3B-8C241051043D}.Release|Any CPU.Build.0 = Release|Any CPU
		{1786C7F0-D874-43C1-B42C-4B534B12EC5E}.Debug|Any CPU.ActiveCfg = Debug|Any CPU
		{1786C7F0-D874-43C1-B42C-4B534B12EC5E}.Debug|Any CPU.Build.0 = Debug|Any CPU
		{1786C7F0-D874-43C1-B42C-4B534B12EC5E}.Release|Any CPU.ActiveCfg = Release|Any CPU
		{1786C7F0-D874-43C1-B42C-4B534B12EC5E}.Release|Any CPU.Build.0 = Release|Any CPU
		{7F2BA17C-BFDD-43B6-888D-E7254C7A1CC3}.Debug|Any CPU.ActiveCfg = Debug|Any CPU
		{7F2BA17C-BFDD-43B6-888D-E7254C7A1CC3}.Debug|Any CPU.Build.0 = Debug|Any CPU
		{7F2BA17C-BFDD-43B6-888D-E7254C7A1CC3}.Release|Any CPU.ActiveCfg = Release|Any CPU
		{7F2BA17C-BFDD-43B6-888D-E7254C7A1CC3}.Release|Any CPU.Build.0 = Release|Any CPU
		{108AA9C5-A208-4C1C-88F8-A465BB098584}.Debug|Any CPU.ActiveCfg = Debug|Any CPU
		{108AA9C5-A208-4C1C-88F8-A465BB098584}.Debug|Any CPU.Build.0 = Debug|Any CPU
		{108AA9C5-A208-4C1C-88F8-A465BB098584}.Release|Any CPU.ActiveCfg = Release|Any CPU
		{108AA9C5-A208-4C1C-88F8-A465BB098584}.Release|Any CPU.Build.0 = Release|Any CPU
		{F2E91F36-BDA1-45AB-BE2E-DCC90D50ABF7}.Debug|Any CPU.ActiveCfg = Debug|Any CPU
		{F2E91F36-BDA1-45AB-BE2E-DCC90D50ABF7}.Debug|Any CPU.Build.0 = Debug|Any CPU
		{F2E91F36-BDA1-45AB-BE2E-DCC90D50ABF7}.Release|Any CPU.ActiveCfg = Release|Any CPU
		{F2E91F36-BDA1-45AB-BE2E-DCC90D50ABF7}.Release|Any CPU.Build.0 = Release|Any CPU
		{A68B9CDC-8CF1-4012-828F-08A48A01E03B}.Debug|Any CPU.ActiveCfg = Debug|Any CPU
		{A68B9CDC-8CF1-4012-828F-08A48A01E03B}.Debug|Any CPU.Build.0 = Debug|Any CPU
		{A68B9CDC-8CF1-4012-828F-08A48A01E03B}.Release|Any CPU.ActiveCfg = Release|Any CPU
		{A68B9CDC-8CF1-4012-828F-08A48A01E03B}.Release|Any CPU.Build.0 = Release|Any CPU
		{0C493EEC-8546-4F46-88D6-D72269497C06}.Debug|Any CPU.ActiveCfg = Debug|Any CPU
		{0C493EEC-8546-4F46-88D6-D72269497C06}.Debug|Any CPU.Build.0 = Debug|Any CPU
		{0C493EEC-8546-4F46-88D6-D72269497C06}.Release|Any CPU.ActiveCfg = Release|Any CPU
		{0C493EEC-8546-4F46-88D6-D72269497C06}.Release|Any CPU.Build.0 = Release|Any CPU
		{CF340197-E27E-41AB-8950-2FE155E85E75}.Debug|Any CPU.ActiveCfg = Debug|Any CPU
		{CF340197-E27E-41AB-8950-2FE155E85E75}.Debug|Any CPU.Build.0 = Debug|Any CPU
		{CF340197-E27E-41AB-8950-2FE155E85E75}.Release|Any CPU.ActiveCfg = Release|Any CPU
		{CF340197-E27E-41AB-8950-2FE155E85E75}.Release|Any CPU.Build.0 = Release|Any CPU
		{2C3F6D01-95E4-47E8-8B08-8EA2CF963D56}.Debug|Any CPU.ActiveCfg = Debug|Any CPU
		{2C3F6D01-95E4-47E8-8B08-8EA2CF963D56}.Debug|Any CPU.Build.0 = Debug|Any CPU
		{2C3F6D01-95E4-47E8-8B08-8EA2CF963D56}.Release|Any CPU.ActiveCfg = Release|Any CPU
		{2C3F6D01-95E4-47E8-8B08-8EA2CF963D56}.Release|Any CPU.Build.0 = Release|Any CPU
	EndGlobalSection
	GlobalSection(SolutionProperties) = preSolution
		HideSolutionNode = FALSE
	EndGlobalSection
	GlobalSection(NestedProjects) = preSolution
		{63A805B3-C2B5-4F2E-B000-10B466AA3E87} = {E12B9FC1-FD4F-41B6-BAED-F478963DE8EF}
		{1A205D0D-5DE9-4CC3-93B8-6E3F1952BC82} = {63A805B3-C2B5-4F2E-B000-10B466AA3E87}
		{EED7926E-2274-4E6A-9F3B-8C241051043D} = {63A805B3-C2B5-4F2E-B000-10B466AA3E87}
		{D224F578-0556-4F03-A967-A623A2EC246E} = {E12B9FC1-FD4F-41B6-BAED-F478963DE8EF}
		{A90F6E69-ADAF-4E50-BB9C-5BA82A4096C5} = {07C18670-7C44-4EE5-8745-805E9CB88E56}
		{1786C7F0-D874-43C1-B42C-4B534B12EC5E} = {A90F6E69-ADAF-4E50-BB9C-5BA82A4096C5}
		{7F2BA17C-BFDD-43B6-888D-E7254C7A1CC3} = {A90F6E69-ADAF-4E50-BB9C-5BA82A4096C5}
		{108AA9C5-A208-4C1C-88F8-A465BB098584} = {07C18670-7C44-4EE5-8745-805E9CB88E56}
		{F2E91F36-BDA1-45AB-BE2E-DCC90D50ABF7} = {07C18670-7C44-4EE5-8745-805E9CB88E56}
		{A68B9CDC-8CF1-4012-828F-08A48A01E03B} = {07C18670-7C44-4EE5-8745-805E9CB88E56}
		{0C493EEC-8546-4F46-88D6-D72269497C06} = {07C18670-7C44-4EE5-8745-805E9CB88E56}
		{CF340197-E27E-41AB-8950-2FE155E85E75} = {D224F578-0556-4F03-A967-A623A2EC246E}
		{2C3F6D01-95E4-47E8-8B08-8EA2CF963D56} = {D224F578-0556-4F03-A967-A623A2EC246E}
	EndGlobalSection
	GlobalSection(ExtensibilityGlobals) = postSolution
		SolutionGuid = {68966176-9929-4185-A0E5-94B02D120ADA}
	EndGlobalSection
EndGlobal
